<?xml version="1.0" encoding="UTF-8" standalone="yes" ?>
<CodeBlocks_project_file>
	<FileVersion major="1" minor="6" />
	<Project>
		<Option title="my_sm9" />
		<Option pch_mode="2" />
		<Option compiler="gcc" />
		<Build>
			<Target title="Debug">
				<Option output="bin/Debug/my_sm9" prefix_auto="1" extension_auto="1" />
				<Option object_output="obj/Debug/" />
				<Option type="1" />
				<Option compiler="gcc" />
				<Compiler>
					<Add option="-g" />
				</Compiler>
			</Target>
			<Target title="Release">
				<Option output="bin/Release/my_sm9" prefix_auto="1" extension_auto="1" />
				<Option object_output="obj/Release/" />
				<Option type="1" />
				<Option compiler="gcc" />
				<Compiler>
					<Add option="-O2" />
				</Compiler>
				<Linker>
					<Add option="-s" />
				</Linker>
			</Target>
		</Build>
		<Compiler>
			<Add option="-Wall" />
		</Compiler>
		<Unit filename="BNField12.c">
			<Option compilerVar="CC" />
		</Unit>
		<Unit filename="BNField12.h" />
		<Unit filename="BNField2.c">
			<Option compilerVar="CC" />
		</Unit>
		<Unit filename="BNField2.h" />
		<Unit filename="BNField4.c">
			<Option compilerVar="CC" />
		</Unit>
		<Unit filename="BNField4.h" />
		<Unit filename="BNPairing.c">
			<Option compilerVar="CC" />
		</Unit>
		<Unit filename="BNPairing.h" />
		<Unit filename="BNPoint.c">
			<Option compilerVar="CC" />
		</Unit>
		<Unit filename="BNPoint.h" />
		<Unit filename="BNPoint2.c">
			<Option compilerVar="CC" />
		</Unit>
		<Unit filename="BNPoint2.h" />
		<Unit filename="BigInt.c">
			<Option compilerVar="CC" />
		</Unit>
		<Unit filename="BigInt.h" />
		<Unit filename="Params.c">
			<Option compilerVar="CC" />
		</Unit>
		<Unit filename="Params.h" />
		<Unit filename="SM3.c">
			<Option compilerVar="CC" />
		</Unit>
		<Unit filename="SM3.h" />
		<Unit filename="SM4.c">
			<Option compilerVar="CC" />
		</Unit>
		<Unit filename="SM4.h" />
		<Unit filename="SM9DSA.c">
			<Option compilerVar="CC" />
		</Unit>
		<Unit filename="SM9DSA.h" />
		<Unit filename="SM9KA.c">
			<Option compilerVar="CC" />
		</Unit>
		<Unit filename="SM9KA.h" />
		<Unit filename="SM9PKC.c">
			<Option compilerVar="CC" />
		</Unit>
		<Unit filename="SM9PKC.h" />
		<Unit filename="main.c">
			<Option compilerVar="CC" />
		</Unit>
		<Unit filename="utility.c">
			<Option compilerVar="CC" />
		</Unit>
		<Unit filename="utility.h" />
		<Extensions />
	</Project>
</CodeBlocks_project_file>
