
Microsoft Visual Studio Solution File, Format Version 12.00
# Visual Studio Version 17
VisualStudioVersion = 17.4.33027.239
MinimumVisualStudioVersion = 10.0.40219.1
Project("{8BC9CEB8-8B4A-11D0-8D11-00A0C91BC942}") = "CasRSA_CL", "CasRSA_CL\CasRSA_CL.vcxproj", "{6EE42D17-DC4E-49BC-BCF3-248EC9D7399E}"
EndProject
Global
	GlobalSection(SolutionConfigurationPlatforms) = preSolution
		Debug|x64 = Debug|x64
		Debug|x86 = Debug|x86
		Release|x64 = Release|x64
		Release|x86 = Release|x86
	EndGlobalSection
	GlobalSection(ProjectConfigurationPlatforms) = postSolution
		{6EE42D17-DC4E-49BC-BCF3-248EC9D7399E}.Debug|x64.ActiveCfg = Debug|x64
		{6EE42D17-DC4E-49BC-BCF3-248EC9D7399E}.Debug|x64.Build.0 = Debug|x64
		{6EE42D17-DC4E-49BC-BCF3-248EC9D7399E}.Debug|x86.ActiveCfg = Debug|Win32
		{6EE42D17-DC4E-49BC-BCF3-248EC9D7399E}.Debug|x86.Build.0 = Debug|Win32
		{6EE42D17-DC4E-49BC-BCF3-248EC9D7399E}.Release|x64.ActiveCfg = Release|x64
		{6EE42D17-DC4E-49BC-BCF3-248EC9D7399E}.Release|x64.Build.0 = Release|x64
		{6EE42D17-DC4E-49BC-BCF3-248EC9D7399E}.Release|x86.ActiveCfg = Release|Win32
		{6EE42D17-DC4E-49BC-BCF3-248EC9D7399E}.Release|x86.Build.0 = Release|Win32
	EndGlobalSection
	GlobalSection(SolutionProperties) = preSolution
		HideSolutionNode = FALSE
	EndGlobalSection
	GlobalSection(ExtensibilityGlobals) = postSolution
		SolutionGuid = {D2AFCBB7-33C9-4252-9FE1-0150EA2DA0EF}
	EndGlobalSection
EndGlobal
